<?xml version="1.0" encoding="utf-8"?>

<Project ToolsVersion="4.0" xmlns="http://schemas.microsoft.com/developer/msbuild/2003">
  <ItemGroup>
    <Filter Include="envimond">
      <UniqueIdentifier>{6B472347-20E5-A42E-B25B-291B8AAF8693}</UniqueIdentifier>
    </Filter>
    <Filter Include="envimond\Source">
      <UniqueIdentifier>{958D036A-8B6E-2ABF-850E-CE38BA125B3B}</UniqueIdentifier>
    </Filter>
    <Filter Include="Juce Library Code">
      <UniqueIdentifier>{8B4D1BAA-6DB4-CAEC-A0FA-271F354D5C61}</UniqueIdentifier>
    </Filter>
  </ItemGroup>
  <ItemGroup>
    <ClCompile Include="..\..\Source\EnviWiringPi.cpp">
      <Filter>envimond\Source</Filter>
    </ClCompile>
    <ClCompile Include="..\..\Source\EnviFlatFileStore.cpp">
      <Filter>envimond\Source</Filter>
    </ClCompile>
    <ClCompile Include="..\..\Source\EnviHTTPConnection.cpp">
      <Filter>envimond\Source</Filter>
    </ClCompile>
    <ClCompile Include="..\..\Source\EnviDataSource.cpp">
      <Filter>envimond\Source</Filter>
    </ClCompile>
    <ClCompile Include="..\..\Source\EnviDB.cpp">
      <Filter>envimond\Source</Filter>
    </ClCompile>
    <ClCompile Include="..\..\Source\EnviDSBMP085.cpp">
      <Filter>envimond\Source</Filter>
    </ClCompile>
    <ClCompile Include="..\..\Source\EnviDSCommand.cpp">
      <Filter>envimond\Source</Filter>
    </ClCompile>
    <ClCompile Include="..\..\Source\EnviDSDHT11.cpp">
      <Filter>envimond\Source</Filter>
    </ClCompile>
    <ClCompile Include="..\..\Source\EnviLog.cpp">
      <Filter>envimond\Source</Filter>
    </ClCompile>
    <ClCompile Include="..\..\Source\EnviApplication.cpp">
      <Filter>envimond\Source</Filter>
    </ClCompile>
    <ClCompile Include="..\..\Source\EnviCLI.cpp">
      <Filter>envimond\Source</Filter>
    </ClCompile>
    <ClCompile Include="..\..\Source\EnviHTTP.cpp">
      <Filter>envimond\Source</Filter>
    </ClCompile>
    <ClCompile Include="..\..\Source\Envimond.cpp">
      <Filter>envimond\Source</Filter>
    </ClCompile>
  </ItemGroup>
  <ItemGroup>
    <ClInclude Include="..\..\Source\EnviWiringPi.h">
      <Filter>envimond\Source</Filter>
    </ClInclude>
    <ClInclude Include="..\..\Source\AppConfig.h">
      <Filter>envimond\Source</Filter>
    </ClInclude>
    <ClInclude Include="..\..\Source\EnviDataStore.h">
      <Filter>envimond\Source</Filter>
    </ClInclude>
    <ClInclude Include="..\..\Source\EnviFlatFileStore.h">
      <Filter>envimond\Source</Filter>
    </ClInclude>
    <ClInclude Include="..\..\Source\EnviHTTPConnection.h">
      <Filter>envimond\Source</Filter>
    </ClInclude>
    <ClInclude Include="..\..\Source\EnviDB.h">
      <Filter>envimond\Source</Filter>
    </ClInclude>
    <ClInclude Include="..\..\Source\EnviDSBMP085.h">
      <Filter>envimond\Source</Filter>
    </ClInclude>
    <ClInclude Include="..\..\Source\EnviDSCommand.h">
      <Filter>envimond\Source</Filter>
    </ClInclude>
    <ClInclude Include="..\..\Source\EnviDSDHT11.h">
      <Filter>envimond\Source</Filter>
    </ClInclude>
    <ClInclude Include="..\..\Source\EnviLog.h">
      <Filter>envimond\Source</Filter>
    </ClInclude>
    <ClInclude Include="..\..\Source\EnviApplication.h">
      <Filter>envimond\Source</Filter>
    </ClInclude>
    <ClInclude Include="..\..\Source\EnviCLI.h">
      <Filter>envimond\Source</Filter>
    </ClInclude>
    <ClInclude Include="..\..\Source\EnviDataSource.h">
      <Filter>envimond\Source</Filter>
    </ClInclude>
    <ClInclude Include="..\..\Source\EnviIncludes.h">
      <Filter>envimond\Source</Filter>
    </ClInclude>
    <ClInclude Include="..\..\Source\EnviHTTP.h">
      <Filter>envimond\Source</Filter>
    </ClInclude>
    <ClInclude Include="..\..\Source\JuceHeader.h">
      <Filter>envimond\Source</Filter>
    </ClInclude>
    <ClInclude Include="..\..\JuceLibraryCode\AppConfig.h">
      <Filter>Juce Library Code</Filter>
    </ClInclude>
    <ClInclude Include="..\..\JuceLibraryCode\JuceHeader.h">
      <Filter>Juce Library Code</Filter>
    </ClInclude>
  </ItemGroup>
  <ItemGroup>
    <ResourceCompile Include=".\resources.rc">
      <Filter>Juce Library Code</Filter>
    </ResourceCompile>
  </ItemGroup>
</Project>
