<?xml version="1.0" encoding="utf-8"?>

<Project ToolsVersion="4.0" xmlns="http://schemas.microsoft.com/developer/msbuild/2003">
  <ItemGroup>
    <Filter Include="envimond">
      <UniqueIdentifier>{6B472347-20E5-A42E-B25B-291B8AAF8693}</UniqueIdentifier>
    </Filter>
    <Filter Include="envimond\Source">
      <UniqueIdentifier>{958D036A-8B6E-2ABF-850E-CE38BA125B3B}</UniqueIdentifier>
    </Filter>
    <Filter Include="envimond\Source\Network">
      <UniqueIdentifier>{D21658E4-99E8-160D-97DF-72B4DB3ED5F7}</UniqueIdentifier>
    </Filter>
    <Filter Include="envimond\Source\Source">
      <UniqueIdentifier>{8E6F3E47-63D1-6681-886A-3D42E8D679EA}</UniqueIdentifier>
    </Filter>
    <Filter Include="envimond\Source\Storage">
      <UniqueIdentifier>{6D5B9ABE-6B7A-6759-CB40-1D667ABD00D8}</UniqueIdentifier>
    </Filter>
    <Filter Include="Juce Library Code">
      <UniqueIdentifier>{8B4D1BAA-6DB4-CAEC-A0FA-271F354D5C61}</UniqueIdentifier>
    </Filter>
  </ItemGroup>
  <ItemGroup>
    <ClCompile Include="..\..\Source\Network\EnviHTTP.cpp">
      <Filter>envimond\Source\Network</Filter>
    </ClCompile>
    <ClCompile Include="..\..\Source\Network\EnviHTTPConnection.cpp">
      <Filter>envimond\Source\Network</Filter>
    </ClCompile>
    <ClCompile Include="..\..\Source\Source\EnviDSPCF8591.cpp">
      <Filter>envimond\Source\Source</Filter>
    </ClCompile>
    <ClCompile Include="..\..\Source\Source\EnviDSDHT22.cpp">
      <Filter>envimond\Source\Source</Filter>
    </ClCompile>
    <ClCompile Include="..\..\Source\Source\EnviDataSource.cpp">
      <Filter>envimond\Source\Source</Filter>
    </ClCompile>
    <ClCompile Include="..\..\Source\Source\EnviDSCommand.cpp">
      <Filter>envimond\Source\Source</Filter>
    </ClCompile>
    <ClCompile Include="..\..\Source\Source\EnviDSDHT11.cpp">
      <Filter>envimond\Source\Source</Filter>
    </ClCompile>
    <ClCompile Include="..\..\Source\Source\EnviWiringPi.cpp">
      <Filter>envimond\Source\Source</Filter>
    </ClCompile>
    <ClCompile Include="..\..\Source\Storage\EnviDB.cpp">
      <Filter>envimond\Source\Storage</Filter>
    </ClCompile>
    <ClCompile Include="..\..\Source\Storage\EnviFlatFileStore.cpp">
      <Filter>envimond\Source\Storage</Filter>
    </ClCompile>
    <ClCompile Include="..\..\Source\Storage\EnviSqlite3Store.cpp">
      <Filter>envimond\Source\Storage</Filter>
    </ClCompile>
    <ClCompile Include="..\..\Source\EnviApplication.cpp">
      <Filter>envimond\Source</Filter>
    </ClCompile>
    <ClCompile Include="..\..\Source\EnviCLI.cpp">
      <Filter>envimond\Source</Filter>
    </ClCompile>
    <ClCompile Include="..\..\Source\EnviLog.cpp">
      <Filter>envimond\Source</Filter>
    </ClCompile>
    <ClCompile Include="..\..\Source\Envimond.cpp">
      <Filter>envimond\Source</Filter>
    </ClCompile>
  </ItemGroup>
  <ItemGroup>
    <ClInclude Include="..\..\Source\Network\EnviHTTP.h">
      <Filter>envimond\Source\Network</Filter>
    </ClInclude>
    <ClInclude Include="..\..\Source\Network\EnviHTTPConnection.h">
      <Filter>envimond\Source\Network</Filter>
    </ClInclude>
    <ClInclude Include="..\..\Source\Source\EnviDSPCF8591.h">
      <Filter>envimond\Source\Source</Filter>
    </ClInclude>
    <ClInclude Include="..\..\Source\Source\EnviDSDHT22.h">
      <Filter>envimond\Source\Source</Filter>
    </ClInclude>
    <ClInclude Include="..\..\Source\Source\EnviDataSource.h">
      <Filter>envimond\Source\Source</Filter>
    </ClInclude>
    <ClInclude Include="..\..\Source\Source\EnviDSCommand.h">
      <Filter>envimond\Source\Source</Filter>
    </ClInclude>
    <ClInclude Include="..\..\Source\Source\EnviDSDHT11.h">
      <Filter>envimond\Source\Source</Filter>
    </ClInclude>
    <ClInclude Include="..\..\Source\Source\EnviWiringPi.h">
      <Filter>envimond\Source\Source</Filter>
    </ClInclude>
    <ClInclude Include="..\..\Source\Storage\EnviDataStore.h">
      <Filter>envimond\Source\Storage</Filter>
    </ClInclude>
    <ClInclude Include="..\..\Source\Storage\EnviDB.h">
      <Filter>envimond\Source\Storage</Filter>
    </ClInclude>
    <ClInclude Include="..\..\Source\Storage\EnviFlatFileStore.h">
      <Filter>envimond\Source\Storage</Filter>
    </ClInclude>
    <ClInclude Include="..\..\Source\Storage\EnviSqlite3Store.h">
      <Filter>envimond\Source\Storage</Filter>
    </ClInclude>
    <ClInclude Include="..\..\Source\EnviApplication.h">
      <Filter>envimond\Source</Filter>
    </ClInclude>
    <ClInclude Include="..\..\Source\EnviCLI.h">
      <Filter>envimond\Source</Filter>
    </ClInclude>
    <ClInclude Include="..\..\Source\EnviIncludes.h">
      <Filter>envimond\Source</Filter>
    </ClInclude>
    <ClInclude Include="..\..\Source\EnviLog.h">
      <Filter>envimond\Source</Filter>
    </ClInclude>
    <ClInclude Include="..\..\JuceLibraryCode\AppConfig.h">
      <Filter>Juce Library Code</Filter>
    </ClInclude>
    <ClInclude Include="..\..\JuceLibraryCode\JuceHeader.h">
      <Filter>Juce Library Code</Filter>
    </ClInclude>
  </ItemGroup>
  <ItemGroup>
    <ResourceCompile Include=".\resources.rc">
      <Filter>Juce Library Code</Filter>
    </ResourceCompile>
  </ItemGroup>
</Project>
