<?xml version="1.0" encoding="UTF-8"?>

<CodeBlocks_project_file>
  <FileVersion major="1" minor="6"/>
  <Project>
    <Option title="envimond"/>
    <Option pch_mode="2"/>
    <Option compiler="gcc"/>
    <Build>
      <Target title="Debug">
        <Option output="bin/Debug/envimond"
                prefix_auto="1"
                extension_auto="1"/>
        <Option object_output="obj/Debug"/>
        <Option type="1"/>
        <Option compiler="gcc"/>
        <Compiler>
          <Add option="-O0"/>
          <Add option="-std=gnu++0x"/>
          <Add option="-march=pentium4"/>
          <Add option="-mstackrealign"/>
          <Add option="-g"/>
          <Add option="-w"/>
          <Add option="-D__MINGW__=1"/>
          <Add option="-D__MINGW_EXTENSION="/>
          <Add option="-DJUCER_CODEBLOCKS_20734A5D=1"/>
          <Add directory="."/>
          <Add directory="..\..\JuceLibraryCode"/>
          <Add directory="../../Source"/>
          <Add directory="../../Source/Source"/>
          <Add directory="../../Source/Storage"/>
          <Add directory="../../Source/Network"/>
        </Compiler>
        <Linker/>
      </Target>
      <Target title="Release">
        <Option output="bin/Release/envimond"
                prefix_auto="1"
                extension_auto="1"/>
        <Option object_output="obj/Release"/>
        <Option type="1"/>
        <Option compiler="gcc"/>
        <Compiler>
          <Add option="-Os"/>
          <Add option="-std=gnu++0x"/>
          <Add option="-march=pentium4"/>
          <Add option="-mstackrealign"/>
          <Add option="-w"/>
          <Add option="-D__MINGW__=1"/>
          <Add option="-D__MINGW_EXTENSION="/>
          <Add option="-DJUCER_CODEBLOCKS_20734A5D=1"/>
          <Add directory="."/>
          <Add directory="..\..\JuceLibraryCode"/>
        </Compiler>
        <Linker>
          <Add option="-s"/>
        </Linker>
      </Target>
    </Build>
    <Compiler>
      <Add option="-Wall"/>
      <Add option="-Wno-strict-aliasing"/>
      <Add option="-Wno-strict-overflow"/>
    </Compiler>
    <Linker>
      <Add library="gdi32"/>
      <Add library="user32"/>
      <Add library="kernel32"/>
      <Add library="comctl32"/>
    </Linker>
    <Unit filename="../../Source/Network/EnviHTTP.cpp"/>
    <Unit filename="../../Source/Network/EnviHTTP.h">
      <Option compile="0"/>
      <Option link="0"/>
    </Unit>
    <Unit filename="../../Source/Network/EnviHTTPConnection.cpp"/>
    <Unit filename="../../Source/Network/EnviHTTPConnection.h">
      <Option compile="0"/>
      <Option link="0"/>
    </Unit>
    <Unit filename="../../Source/Source/EnviDSPCF8591.cpp"/>
    <Unit filename="../../Source/Source/EnviDSPCF8591.h">
      <Option compile="0"/>
      <Option link="0"/>
    </Unit>
    <Unit filename="../../Source/Source/EnviDSDHT22.cpp"/>
    <Unit filename="../../Source/Source/EnviDSDHT22.h">
      <Option compile="0"/>
      <Option link="0"/>
    </Unit>
    <Unit filename="../../Source/Source/EnviDataSource.cpp"/>
    <Unit filename="../../Source/Source/EnviDataSource.h">
      <Option compile="0"/>
      <Option link="0"/>
    </Unit>
    <Unit filename="../../Source/Source/EnviDSCommand.cpp"/>
    <Unit filename="../../Source/Source/EnviDSCommand.h">
      <Option compile="0"/>
      <Option link="0"/>
    </Unit>
    <Unit filename="../../Source/Source/EnviDSDHT11.cpp"/>
    <Unit filename="../../Source/Source/EnviDSDHT11.h">
      <Option compile="0"/>
      <Option link="0"/>
    </Unit>
    <Unit filename="../../Source/Source/EnviWiringPi.cpp"/>
    <Unit filename="../../Source/Source/EnviWiringPi.h">
      <Option compile="0"/>
      <Option link="0"/>
    </Unit>
    <Unit filename="../../Source/Storage/EnviDataStore.h">
      <Option compile="0"/>
      <Option link="0"/>
    </Unit>
    <Unit filename="../../Source/Storage/EnviDB.cpp"/>
    <Unit filename="../../Source/Storage/EnviDB.h">
      <Option compile="0"/>
      <Option link="0"/>
    </Unit>
    <Unit filename="../../Source/Storage/EnviFlatFileStore.cpp"/>
    <Unit filename="../../Source/Storage/EnviFlatFileStore.h">
      <Option compile="0"/>
      <Option link="0"/>
    </Unit>
    <Unit filename="../../Source/Storage/EnviSqlite3Store.cpp"/>
    <Unit filename="../../Source/Storage/EnviSqlite3Store.h">
      <Option compile="0"/>
      <Option link="0"/>
    </Unit>
    <Unit filename="../../Source/EnviApplication.cpp"/>
    <Unit filename="../../Source/EnviApplication.h">
      <Option compile="0"/>
      <Option link="0"/>
    </Unit>
    <Unit filename="../../Source/EnviCLI.cpp"/>
    <Unit filename="../../Source/EnviCLI.h">
      <Option compile="0"/>
      <Option link="0"/>
    </Unit>
    <Unit filename="../../Source/EnviIncludes.h">
      <Option compile="0"/>
      <Option link="0"/>
    </Unit>
    <Unit filename="../../Source/EnviLog.cpp"/>
    <Unit filename="../../Source/EnviLog.h">
      <Option compile="0"/>
      <Option link="0"/>
    </Unit>
    <Unit filename="../../Source/Envimond.cpp"/>
    <Unit filename="../../JuceLibraryCode/AppConfig.h">
      <Option compile="0"/>
      <Option link="0"/>
    </Unit>
    <Unit filename="../../JuceLibraryCode/JuceHeader.h">
      <Option compile="0"/>
      <Option link="0"/>
    </Unit>
  </Project>
</CodeBlocks_project_file>
